
Microsoft Visual Studio Solution File, Format Version 12.00
# Visual Studio 14
VisualStudioVersion = 14.0.25420.1
MinimumVisualStudioVersion = 10.0.40219.1
Project("{FAE04EC0-301F-11D3-BF4B-00C04F79EFBC}") = "EncapsulationLecture", "Encapsulation\EncapsulationLecture.csproj", "{6D3D8538-29C0-4BA5-ADB8-8E51B0870BCE}"
EndProject
Project("{FAE04EC0-301F-11D3-BF4B-00C04F79EFBC}") = "InheritanceLecture", "Inheritance\InheritanceLecture.csproj", "{65D3F9E5-969F-4095-9D8B-E4E612E9F04B}"
EndProject
Project("{FAE04EC0-301F-11D3-BF4B-00C04F79EFBC}") = "PolymorphismLecture", "Polymorphism\PolymorphismLecture.csproj", "{940CE674-8E75-40AE-963A-E62ABA1A45FB}"
EndProject
Project("{FAE04EC0-301F-11D3-BF4B-00C04F79EFBC}") = "MethodsLecture", "Methods\MethodsLecture.csproj", "{D830BE01-9909-4981-997E-674158CDE312}"
EndProject
Project("{FAE04EC0-301F-11D3-BF4B-00C04F79EFBC}") = "DefiningClassesSpeedRacing", "DefiningClassesExerciseSpeedRacing\DefiningClassesSpeedRacing.csproj", "{15CC567D-F0AF-4335-B09D-82E0F69DE43E}"
EndProject
Project("{FAE04EC0-301F-11D3-BF4B-00C04F79EFBC}") = "DefiningClassesCarSalesman", "DefiningClassesCarSalesman\DefiningClassesCarSalesman.csproj", "{C9878640-F0C1-466D-A3E6-90FD27EAE9EA}"
EndProject
Project("{FAE04EC0-301F-11D3-BF4B-00C04F79EFBC}") = "EncapsulationClassBoxDataValidation", "EncapsulationClassBox\EncapsulationClassBoxDataValidation.csproj", "{28A29818-4C43-4B50-A0F4-68EA6516E042}"
EndProject
Project("{FAE04EC0-301F-11D3-BF4B-00C04F79EFBC}") = "DefiningClassesCatLady", "DefiningClassesCatLady\DefiningClassesCatLady.csproj", "{3C3446EB-9D31-40FA-BA36-44A9B9023952}"
EndProject
Project("{FAE04EC0-301F-11D3-BF4B-00C04F79EFBC}") = "DefiningClassesDateModifier", "DefiningClassesDateModifier\DefiningClassesDateModifier.csproj", "{47B6F4F5-6447-44D5-A17F-BC67B75CA2B2}"
EndProject
Project("{FAE04EC0-301F-11D3-BF4B-00C04F79EFBC}") = "DefiningClassesCreatingConstructors", "DefiningClassesCreatingConstructors\DefiningClassesCreatingConstructors.csproj", "{9DDF8C14-007A-4957-BE33-9705D106B4FD}"
EndProject
Project("{FAE04EC0-301F-11D3-BF4B-00C04F79EFBC}") = "DefiningClassesDefineAClassPerson", "DefiningClassesDefineAClassPerson\DefiningClassesDefineAClassPerson.csproj", "{E59DB442-8F99-4420-8740-DFAF4993F0D0}"
EndProject
Project("{FAE04EC0-301F-11D3-BF4B-00C04F79EFBC}") = "DefiningClassesGoogle", "DefiningClassesGoogle\DefiningClassesGoogle.csproj", "{42031F28-FDF2-4249-81B2-C680A0026B51}"
EndProject
Project("{FAE04EC0-301F-11D3-BF4B-00C04F79EFBC}") = "DefiningClassesOldestFamilyMember", "DefiningClassesOldestFamilyMember\DefiningClassesOldestFamilyMember.csproj", "{5062D7E5-EAFA-4E11-9CD5-0E8163F006BD}"
EndProject
Project("{FAE04EC0-301F-11D3-BF4B-00C04F79EFBC}") = "DefiningClassesOpinionPoll", "DefiningClassesOpinionPoll\DefiningClassesOpinionPoll.csproj", "{68B3D5EB-2378-46CC-937B-2D292D165FD3}"
EndProject
Project("{FAE04EC0-301F-11D3-BF4B-00C04F79EFBC}") = "DefiningClassesRectangleIntersection", "DefiningClassesRectangleIntersection\DefiningClassesRectangleIntersection.csproj", "{A53949DD-F1E8-4A0A-A177-D5F5A7442C4A}"
EndProject
Project("{FAE04EC0-301F-11D3-BF4B-00C04F79EFBC}") = "DefiningClassesDrawingTool", "DefiningClassesDrawingTool\DefiningClassesDrawingTool.csproj", "{0F408CD3-7BE9-42E1-86D3-1BA35CEDDCD2}"
EndProject
Project("{FAE04EC0-301F-11D3-BF4B-00C04F79EFBC}") = "DefiningClassesFamilyTree", "DefiningClassesFamilyTree\DefiningClassesFamilyTree.csproj", "{290721C8-8027-4017-A394-09B1B11313DA}"
EndProject
Project("{FAE04EC0-301F-11D3-BF4B-00C04F79EFBC}") = "DefiningClassesLabBankAccount", "DefiningClassesLabBankAccount\DefiningClassesLabBankAccount.csproj", "{995A79B4-04E0-469E-837E-6CDB93DB6917}"
EndProject
Project("{FAE04EC0-301F-11D3-BF4B-00C04F79EFBC}") = "EncapsulationShoppingSpree", "EncapsulationShoppingSpree\EncapsulationShoppingSpree.csproj", "{595B6B5D-2350-4B8C-A1E4-ADC32CE9CD01}"
EndProject
Project("{FAE04EC0-301F-11D3-BF4B-00C04F79EFBC}") = "EncapsulationAnimalFarm", "EncapsulationAnimalFarm\EncapsulationAnimalFarm.csproj", "{DC2DDFAA-BC7A-446D-9BA8-C33EFDF7D805}"
EndProject
Project("{FAE04EC0-301F-11D3-BF4B-00C04F79EFBC}") = "EncapsulationPizzaCalories", "EncapsulationPizzaCalories\EncapsulationPizzaCalories.csproj", "{0E8C12B2-6898-4D9B-BFB0-1D01307B2C74}"
EndProject
Project("{FAE04EC0-301F-11D3-BF4B-00C04F79EFBC}") = "EncapsulationFootballTeamGenerator", "EncapsulationFootballTeamGenerator\EncapsulationFootballTeamGenerator.csproj", "{08156D84-F9EC-457C-BC55-427FE4C27961}"
EndProject
Project("{FAE04EC0-301F-11D3-BF4B-00C04F79EFBC}") = "EncapsulationLabSortPersonsByNameAndAge", "EncapsulationLabSortPersonsByNameAndAge\EncapsulationLabSortPersonsByNameAndAge.csproj", "{383F4F1A-1012-467A-826E-C295FB9B3E07}"
EndProject
Project("{FAE04EC0-301F-11D3-BF4B-00C04F79EFBC}") = "EncapsulationLabSalaryIncrease", "EncapsulationLabSalaryIncrease\EncapsulationLabSalaryIncrease.csproj", "{5DBA282F-29AB-405A-B06F-771CDBABDEC8}"
EndProject
Project("{FAE04EC0-301F-11D3-BF4B-00C04F79EFBC}") = "EncapsulationLabValidationData", "EncapsulationLabValidationData\EncapsulationLabValidationData.csproj", "{A41F8EF7-74F3-4815-8C00-4C5779E96D6F}"
EndProject
Project("{FAE04EC0-301F-11D3-BF4B-00C04F79EFBC}") = "EncapsulationLabFirstAndReserveTeam", "EncapsulationLabFirstAndReserveTeam\EncapsulationLabFirstAndReserveTeam.csproj", "{FDEFCA71-04CA-489C-B193-7D5E0C2A1335}"
EndProject
Project("{FAE04EC0-301F-11D3-BF4B-00C04F79EFBC}") = "InheritanceLabSingleInheritance", "InheritanceLabSingleInheritance\InheritanceLabSingleInheritance.csproj", "{9516AE54-AD99-4E41-81F4-A53EDD233AEA}"
EndProject
Project("{FAE04EC0-301F-11D3-BF4B-00C04F79EFBC}") = "InheritanceLabRandomList", "InheritanceLabRandomList\InheritanceLabRandomList.csproj", "{E1E585C9-C0CA-42D5-8279-23C0B2E107F9}"
EndProject
Project("{FAE04EC0-301F-11D3-BF4B-00C04F79EFBC}") = "InheritanceLabStackOfStrings", "InheritanceLabStackOfStrings\InheritanceLabStackOfStrings.csproj", "{41EFE6F6-E6C8-407E-B65C-1F090C714430}"
EndProject
Project("{2150E333-8FDC-42A3-9474-1A3956D46DE8}") = "DefiningClasses", "DefiningClasses", "{B1A9BB8D-5ABA-42C0-9E75-F29BC1E380A8}"
EndProject
Project("{2150E333-8FDC-42A3-9474-1A3956D46DE8}") = "Encapsulation", "Encapsulation", "{0C38C0B0-86FD-44F4-8D11-BD70FAE9E269}"
EndProject
Project("{2150E333-8FDC-42A3-9474-1A3956D46DE8}") = "Inheritance", "Inheritance", "{765BDE8A-EBB3-4D2A-A719-C6D88893B51F}"
EndProject
Project("{FAE04EC0-301F-11D3-BF4B-00C04F79EFBC}") = "InheritancePerson", "InheritancePerson\InheritancePerson.csproj", "{63294503-3042-42D7-9249-235108428A00}"
EndProject
Project("{FAE04EC0-301F-11D3-BF4B-00C04F79EFBC}") = "InheritanceBookShop", "InheritanceBookShop\InheritanceBookShop.csproj", "{FB169AD0-7F73-4981-9E75-C9571FEC10EE}"
EndProject
Project("{FAE04EC0-301F-11D3-BF4B-00C04F79EFBC}") = "InheritanceMankind", "InheritanceManking\InheritanceMankind.csproj", "{C959015C-5A43-4577-B75C-C200979E323F}"
EndProject
Project("{FAE04EC0-301F-11D3-BF4B-00C04F79EFBC}") = "InheritanceOnlineRadioDatabase", "InheritanceOnlineRadioDatabase\InheritanceOnlineRadioDatabase.csproj", "{07380D17-A5D8-47EE-A146-D59AF7BD4986}"
EndProject
Project("{FAE04EC0-301F-11D3-BF4B-00C04F79EFBC}") = "InheritanceMordorsCrueltyPlan", "InheritanceMordorsCrueltyPlan\InheritanceMordorsCrueltyPlan.csproj", "{6EAF5168-002D-485A-9795-66839A5093E0}"
EndProject
Project("{FAE04EC0-301F-11D3-BF4B-00C04F79EFBC}") = "InheritanceAnimals", "InheritanceAnimals\InheritanceAnimals.csproj", "{7FA4760D-DB71-4DEF-9819-1C497DA277FF}"
EndProject
Project("{2150E333-8FDC-42A3-9474-1A3956D46DE8}") = "Polyporphism", "Polyporphism", "{D8CDF03B-884D-4C7D-9852-DAA94A15599A}"
EndProject
Project("{FAE04EC0-301F-11D3-BF4B-00C04F79EFBC}") = "PolymorphismVehicles", "PolymorphismVehicles\PolymorphismVehicles.csproj", "{AC417DB1-E769-473A-8F8C-B1FC9083DF2C}"
EndProject
Project("{FAE04EC0-301F-11D3-BF4B-00C04F79EFBC}") = "PolymorphismVehiclesExtension", "PolymorphismVehiclesExtension\PolymorphismVehiclesExtension.csproj", "{6ABF412A-16CB-4A5A-9FAB-FE815E1EE5D0}"
EndProject
Project("{FAE04EC0-301F-11D3-BF4B-00C04F79EFBC}") = "PolymorphismWildFarm", "PolymorphismWildFarm\PolymorphismWildFarm.csproj", "{2B299E7F-C755-4571-80E5-2F03FFD639CD}"
EndProject
Project("{FAE04EC0-301F-11D3-BF4B-00C04F79EFBC}") = "PolymorphismMathOperation", "PolymorphismMathOperation\PolymorphismMathOperation.csproj", "{2810D6EE-F153-44A8-8786-D8D439E4FDAD}"
EndProject
Project("{2150E333-8FDC-42A3-9474-1A3956D46DE8}") = "Methods", "Methods", "{4682DCD0-F8A8-4F81-A70A-D30F8EC366C0}"
EndProject
Project("{FAE04EC0-301F-11D3-BF4B-00C04F79EFBC}") = "DefiningClassesPokemonTrainer", "DefiningClassesPokemonTrainer\DefiningClassesPokemonTrainer.csproj", "{013C4E9E-2003-4858-BF4D-CADEF475AD25}"
EndProject
Project("{FAE04EC0-301F-11D3-BF4B-00C04F79EFBC}") = "MethodsMethodSaysHello", "..\ \C#OOPBasics\na choveka zadachite\2. Methods Exercises\01. Method Says Hello!\MethodsMethodSaysHello.csproj", "{4BD7A1B5-0066-4204-BA54-38CBF2E9D178}"
EndProject
Project("{2150E333-8FDC-42A3-9474-1A3956D46DE8}") = "Exams", "Exams", "{5B51AB2B-5EF6-497F-B1DB-9FC7ED95CE49}"
EndProject
Project("{FAE04EC0-301F-11D3-BF4B-00C04F79EFBC}") = "DefiningClassesLecture", "DefiningClassesLecture\DefiningClassesLecture.csproj", "{1B59B707-C43E-4EC1-8063-7753683910E7}"
EndProject
Project("{FAE04EC0-301F-11D3-BF4B-00C04F79EFBC}") = "DefiningClassesCompanyRoster", "DefiningClassesCompanyRoster\DefiningClassesCompanyRoster.csproj", "{B83D2C76-C3B3-41D6-9675-22F2DA8C8CF9}"
EndProject
Project("{FAE04EC0-301F-11D3-BF4B-00C04F79EFBC}") = "DefiningClassesRawData", "DefiningClassesRawData\DefiningClassesRawData.csproj", "{756B037A-B0B7-4C0D-ADD0-F6FBE66B6AAD}"
EndProject
Project("{FAE04EC0-301F-11D3-BF4B-00C04F79EFBC}") = "Exam11.07.2017NeedForSpeed", "Exam11.07.2017NeedForSpeed\Exam11.07.2017NeedForSpeed.csproj", "{9509D007-6403-4676-AA45-359AF1E7E954}"
EndProject
Project("{FAE04EC0-301F-11D3-BF4B-00C04F79EFBC}") = "Exam12.07.2017Avatar", "Exam12.07.2017Avatar\Exam12.07.2017Avatar.csproj", "{44F8DD69-D986-4637-B071-A4911BACBC08}"
EndProject
Project("{FAE04EC0-301F-11D3-BF4B-00C04F79EFBC}") = "Exam25.08.2016PawInc", "Exam25.08.2017PawInc\Exam25.08.2016PawInc.csproj", "{EC3070A2-9087-4852-AA2B-4E3A718BA878}"
EndProject
Project("{FAE04EC0-301F-11D3-BF4B-00C04F79EFBC}") = "ExamMinedraft", "ExamMinedraft\ExamMinedraft.csproj", "{20B20C02-EA92-47C1-B890-D28C15B04766}"
EndProject
Project("{FAE04EC0-301F-11D3-BF4B-00C04F79EFBC}") = "Exam10.07.2016SystemSplit", "Exam10.07.2016SystemSplit\Exam10.07.2016SystemSplit.csproj", "{BEA91EB6-6AA2-4C05-A22D-B2EB1CA7AE89}"
EndProject
Global
	GlobalSection(SolutionConfigurationPlatforms) = preSolution
		Debug|Any CPU = Debug|Any CPU
		Release|Any CPU = Release|Any CPU
	EndGlobalSection
	GlobalSection(ProjectConfigurationPlatforms) = postSolution
		{6D3D8538-29C0-4BA5-ADB8-8E51B0870BCE}.Debug|Any CPU.ActiveCfg = Debug|Any CPU
		{6D3D8538-29C0-4BA5-ADB8-8E51B0870BCE}.Debug|Any CPU.Build.0 = Debug|Any CPU
		{6D3D8538-29C0-4BA5-ADB8-8E51B0870BCE}.Release|Any CPU.ActiveCfg = Release|Any CPU
		{6D3D8538-29C0-4BA5-ADB8-8E51B0870BCE}.Release|Any CPU.Build.0 = Release|Any CPU
		{65D3F9E5-969F-4095-9D8B-E4E612E9F04B}.Debug|Any CPU.ActiveCfg = Debug|Any CPU
		{65D3F9E5-969F-4095-9D8B-E4E612E9F04B}.Debug|Any CPU.Build.0 = Debug|Any CPU
		{65D3F9E5-969F-4095-9D8B-E4E612E9F04B}.Release|Any CPU.ActiveCfg = Release|Any CPU
		{65D3F9E5-969F-4095-9D8B-E4E612E9F04B}.Release|Any CPU.Build.0 = Release|Any CPU
		{940CE674-8E75-40AE-963A-E62ABA1A45FB}.Debug|Any CPU.ActiveCfg = Debug|Any CPU
		{940CE674-8E75-40AE-963A-E62ABA1A45FB}.Debug|Any CPU.Build.0 = Debug|Any CPU
		{940CE674-8E75-40AE-963A-E62ABA1A45FB}.Release|Any CPU.ActiveCfg = Release|Any CPU
		{940CE674-8E75-40AE-963A-E62ABA1A45FB}.Release|Any CPU.Build.0 = Release|Any CPU
		{D830BE01-9909-4981-997E-674158CDE312}.Debug|Any CPU.ActiveCfg = Debug|Any CPU
		{D830BE01-9909-4981-997E-674158CDE312}.Debug|Any CPU.Build.0 = Debug|Any CPU
		{D830BE01-9909-4981-997E-674158CDE312}.Release|Any CPU.ActiveCfg = Release|Any CPU
		{D830BE01-9909-4981-997E-674158CDE312}.Release|Any CPU.Build.0 = Release|Any CPU
		{15CC567D-F0AF-4335-B09D-82E0F69DE43E}.Debug|Any CPU.ActiveCfg = Debug|Any CPU
		{15CC567D-F0AF-4335-B09D-82E0F69DE43E}.Debug|Any CPU.Build.0 = Debug|Any CPU
		{15CC567D-F0AF-4335-B09D-82E0F69DE43E}.Release|Any CPU.ActiveCfg = Release|Any CPU
		{15CC567D-F0AF-4335-B09D-82E0F69DE43E}.Release|Any CPU.Build.0 = Release|Any CPU
		{C9878640-F0C1-466D-A3E6-90FD27EAE9EA}.Debug|Any CPU.ActiveCfg = Debug|Any CPU
		{C9878640-F0C1-466D-A3E6-90FD27EAE9EA}.Debug|Any CPU.Build.0 = Debug|Any CPU
		{C9878640-F0C1-466D-A3E6-90FD27EAE9EA}.Release|Any CPU.ActiveCfg = Release|Any CPU
		{C9878640-F0C1-466D-A3E6-90FD27EAE9EA}.Release|Any CPU.Build.0 = Release|Any CPU
		{28A29818-4C43-4B50-A0F4-68EA6516E042}.Debug|Any CPU.ActiveCfg = Debug|Any CPU
		{28A29818-4C43-4B50-A0F4-68EA6516E042}.Debug|Any CPU.Build.0 = Debug|Any CPU
		{28A29818-4C43-4B50-A0F4-68EA6516E042}.Release|Any CPU.ActiveCfg = Release|Any CPU
		{28A29818-4C43-4B50-A0F4-68EA6516E042}.Release|Any CPU.Build.0 = Release|Any CPU
		{3C3446EB-9D31-40FA-BA36-44A9B9023952}.Debug|Any CPU.ActiveCfg = Debug|Any CPU
		{3C3446EB-9D31-40FA-BA36-44A9B9023952}.Debug|Any CPU.Build.0 = Debug|Any CPU
		{3C3446EB-9D31-40FA-BA36-44A9B9023952}.Release|Any CPU.ActiveCfg = Release|Any CPU
		{3C3446EB-9D31-40FA-BA36-44A9B9023952}.Release|Any CPU.Build.0 = Release|Any CPU
		{47B6F4F5-6447-44D5-A17F-BC67B75CA2B2}.Debug|Any CPU.ActiveCfg = Debug|Any CPU
		{47B6F4F5-6447-44D5-A17F-BC67B75CA2B2}.Debug|Any CPU.Build.0 = Debug|Any CPU
		{47B6F4F5-6447-44D5-A17F-BC67B75CA2B2}.Release|Any CPU.ActiveCfg = Release|Any CPU
		{47B6F4F5-6447-44D5-A17F-BC67B75CA2B2}.Release|Any CPU.Build.0 = Release|Any CPU
		{9DDF8C14-007A-4957-BE33-9705D106B4FD}.Debug|Any CPU.ActiveCfg = Debug|Any CPU
		{9DDF8C14-007A-4957-BE33-9705D106B4FD}.Debug|Any CPU.Build.0 = Debug|Any CPU
		{9DDF8C14-007A-4957-BE33-9705D106B4FD}.Release|Any CPU.ActiveCfg = Release|Any CPU
		{9DDF8C14-007A-4957-BE33-9705D106B4FD}.Release|Any CPU.Build.0 = Release|Any CPU
		{E59DB442-8F99-4420-8740-DFAF4993F0D0}.Debug|Any CPU.ActiveCfg = Debug|Any CPU
		{E59DB442-8F99-4420-8740-DFAF4993F0D0}.Debug|Any CPU.Build.0 = Debug|Any CPU
		{E59DB442-8F99-4420-8740-DFAF4993F0D0}.Release|Any CPU.ActiveCfg = Release|Any CPU
		{E59DB442-8F99-4420-8740-DFAF4993F0D0}.Release|Any CPU.Build.0 = Release|Any CPU
		{42031F28-FDF2-4249-81B2-C680A0026B51}.Debug|Any CPU.ActiveCfg = Debug|Any CPU
		{42031F28-FDF2-4249-81B2-C680A0026B51}.Debug|Any CPU.Build.0 = Debug|Any CPU
		{42031F28-FDF2-4249-81B2-C680A0026B51}.Release|Any CPU.ActiveCfg = Release|Any CPU
		{42031F28-FDF2-4249-81B2-C680A0026B51}.Release|Any CPU.Build.0 = Release|Any CPU
		{5062D7E5-EAFA-4E11-9CD5-0E8163F006BD}.Debug|Any CPU.ActiveCfg = Debug|Any CPU
		{5062D7E5-EAFA-4E11-9CD5-0E8163F006BD}.Debug|Any CPU.Build.0 = Debug|Any CPU
		{5062D7E5-EAFA-4E11-9CD5-0E8163F006BD}.Release|Any CPU.ActiveCfg = Release|Any CPU
		{5062D7E5-EAFA-4E11-9CD5-0E8163F006BD}.Release|Any CPU.Build.0 = Release|Any CPU
		{68B3D5EB-2378-46CC-937B-2D292D165FD3}.Debug|Any CPU.ActiveCfg = Debug|Any CPU
		{68B3D5EB-2378-46CC-937B-2D292D165FD3}.Debug|Any CPU.Build.0 = Debug|Any CPU
		{68B3D5EB-2378-46CC-937B-2D292D165FD3}.Release|Any CPU.ActiveCfg = Release|Any CPU
		{68B3D5EB-2378-46CC-937B-2D292D165FD3}.Release|Any CPU.Build.0 = Release|Any CPU
		{A53949DD-F1E8-4A0A-A177-D5F5A7442C4A}.Debug|Any CPU.ActiveCfg = Debug|Any CPU
		{A53949DD-F1E8-4A0A-A177-D5F5A7442C4A}.Debug|Any CPU.Build.0 = Debug|Any CPU
		{A53949DD-F1E8-4A0A-A177-D5F5A7442C4A}.Release|Any CPU.ActiveCfg = Release|Any CPU
		{A53949DD-F1E8-4A0A-A177-D5F5A7442C4A}.Release|Any CPU.Build.0 = Release|Any CPU
		{0F408CD3-7BE9-42E1-86D3-1BA35CEDDCD2}.Debug|Any CPU.ActiveCfg = Debug|Any CPU
		{0F408CD3-7BE9-42E1-86D3-1BA35CEDDCD2}.Debug|Any CPU.Build.0 = Debug|Any CPU
		{0F408CD3-7BE9-42E1-86D3-1BA35CEDDCD2}.Release|Any CPU.ActiveCfg = Release|Any CPU
		{0F408CD3-7BE9-42E1-86D3-1BA35CEDDCD2}.Release|Any CPU.Build.0 = Release|Any CPU
		{290721C8-8027-4017-A394-09B1B11313DA}.Debug|Any CPU.ActiveCfg = Debug|Any CPU
		{290721C8-8027-4017-A394-09B1B11313DA}.Debug|Any CPU.Build.0 = Debug|Any CPU
		{290721C8-8027-4017-A394-09B1B11313DA}.Release|Any CPU.ActiveCfg = Release|Any CPU
		{290721C8-8027-4017-A394-09B1B11313DA}.Release|Any CPU.Build.0 = Release|Any CPU
		{995A79B4-04E0-469E-837E-6CDB93DB6917}.Debug|Any CPU.ActiveCfg = Debug|Any CPU
		{995A79B4-04E0-469E-837E-6CDB93DB6917}.Debug|Any CPU.Build.0 = Debug|Any CPU
		{995A79B4-04E0-469E-837E-6CDB93DB6917}.Release|Any CPU.ActiveCfg = Release|Any CPU
		{995A79B4-04E0-469E-837E-6CDB93DB6917}.Release|Any CPU.Build.0 = Release|Any CPU
		{595B6B5D-2350-4B8C-A1E4-ADC32CE9CD01}.Debug|Any CPU.ActiveCfg = Debug|Any CPU
		{595B6B5D-2350-4B8C-A1E4-ADC32CE9CD01}.Debug|Any CPU.Build.0 = Debug|Any CPU
		{595B6B5D-2350-4B8C-A1E4-ADC32CE9CD01}.Release|Any CPU.ActiveCfg = Release|Any CPU
		{595B6B5D-2350-4B8C-A1E4-ADC32CE9CD01}.Release|Any CPU.Build.0 = Release|Any CPU
		{DC2DDFAA-BC7A-446D-9BA8-C33EFDF7D805}.Debug|Any CPU.ActiveCfg = Debug|Any CPU
		{DC2DDFAA-BC7A-446D-9BA8-C33EFDF7D805}.Debug|Any CPU.Build.0 = Debug|Any CPU
		{DC2DDFAA-BC7A-446D-9BA8-C33EFDF7D805}.Release|Any CPU.ActiveCfg = Release|Any CPU
		{DC2DDFAA-BC7A-446D-9BA8-C33EFDF7D805}.Release|Any CPU.Build.0 = Release|Any CPU
		{0E8C12B2-6898-4D9B-BFB0-1D01307B2C74}.Debug|Any CPU.ActiveCfg = Debug|Any CPU
		{0E8C12B2-6898-4D9B-BFB0-1D01307B2C74}.Debug|Any CPU.Build.0 = Debug|Any CPU
		{0E8C12B2-6898-4D9B-BFB0-1D01307B2C74}.Release|Any CPU.ActiveCfg = Release|Any CPU
		{0E8C12B2-6898-4D9B-BFB0-1D01307B2C74}.Release|Any CPU.Build.0 = Release|Any CPU
		{08156D84-F9EC-457C-BC55-427FE4C27961}.Debug|Any CPU.ActiveCfg = Debug|Any CPU
		{08156D84-F9EC-457C-BC55-427FE4C27961}.Debug|Any CPU.Build.0 = Debug|Any CPU
		{08156D84-F9EC-457C-BC55-427FE4C27961}.Release|Any CPU.ActiveCfg = Release|Any CPU
		{08156D84-F9EC-457C-BC55-427FE4C27961}.Release|Any CPU.Build.0 = Release|Any CPU
		{383F4F1A-1012-467A-826E-C295FB9B3E07}.Debug|Any CPU.ActiveCfg = Debug|Any CPU
		{383F4F1A-1012-467A-826E-C295FB9B3E07}.Debug|Any CPU.Build.0 = Debug|Any CPU
		{383F4F1A-1012-467A-826E-C295FB9B3E07}.Release|Any CPU.ActiveCfg = Release|Any CPU
		{383F4F1A-1012-467A-826E-C295FB9B3E07}.Release|Any CPU.Build.0 = Release|Any CPU
		{5DBA282F-29AB-405A-B06F-771CDBABDEC8}.Debug|Any CPU.ActiveCfg = Debug|Any CPU
		{5DBA282F-29AB-405A-B06F-771CDBABDEC8}.Debug|Any CPU.Build.0 = Debug|Any CPU
		{5DBA282F-29AB-405A-B06F-771CDBABDEC8}.Release|Any CPU.ActiveCfg = Release|Any CPU
		{5DBA282F-29AB-405A-B06F-771CDBABDEC8}.Release|Any CPU.Build.0 = Release|Any CPU
		{A41F8EF7-74F3-4815-8C00-4C5779E96D6F}.Debug|Any CPU.ActiveCfg = Debug|Any CPU
		{A41F8EF7-74F3-4815-8C00-4C5779E96D6F}.Debug|Any CPU.Build.0 = Debug|Any CPU
		{A41F8EF7-74F3-4815-8C00-4C5779E96D6F}.Release|Any CPU.ActiveCfg = Release|Any CPU
		{A41F8EF7-74F3-4815-8C00-4C5779E96D6F}.Release|Any CPU.Build.0 = Release|Any CPU
		{FDEFCA71-04CA-489C-B193-7D5E0C2A1335}.Debug|Any CPU.ActiveCfg = Debug|Any CPU
		{FDEFCA71-04CA-489C-B193-7D5E0C2A1335}.Debug|Any CPU.Build.0 = Debug|Any CPU
		{FDEFCA71-04CA-489C-B193-7D5E0C2A1335}.Release|Any CPU.ActiveCfg = Release|Any CPU
		{FDEFCA71-04CA-489C-B193-7D5E0C2A1335}.Release|Any CPU.Build.0 = Release|Any CPU
		{9516AE54-AD99-4E41-81F4-A53EDD233AEA}.Debug|Any CPU.ActiveCfg = Debug|Any CPU
		{9516AE54-AD99-4E41-81F4-A53EDD233AEA}.Debug|Any CPU.Build.0 = Debug|Any CPU
		{9516AE54-AD99-4E41-81F4-A53EDD233AEA}.Release|Any CPU.ActiveCfg = Release|Any CPU
		{9516AE54-AD99-4E41-81F4-A53EDD233AEA}.Release|Any CPU.Build.0 = Release|Any CPU
		{E1E585C9-C0CA-42D5-8279-23C0B2E107F9}.Debug|Any CPU.ActiveCfg = Debug|Any CPU
		{E1E585C9-C0CA-42D5-8279-23C0B2E107F9}.Debug|Any CPU.Build.0 = Debug|Any CPU
		{E1E585C9-C0CA-42D5-8279-23C0B2E107F9}.Release|Any CPU.ActiveCfg = Release|Any CPU
		{E1E585C9-C0CA-42D5-8279-23C0B2E107F9}.Release|Any CPU.Build.0 = Release|Any CPU
		{41EFE6F6-E6C8-407E-B65C-1F090C714430}.Debug|Any CPU.ActiveCfg = Debug|Any CPU
		{41EFE6F6-E6C8-407E-B65C-1F090C714430}.Debug|Any CPU.Build.0 = Debug|Any CPU
		{41EFE6F6-E6C8-407E-B65C-1F090C714430}.Release|Any CPU.ActiveCfg = Release|Any CPU
		{41EFE6F6-E6C8-407E-B65C-1F090C714430}.Release|Any CPU.Build.0 = Release|Any CPU
		{63294503-3042-42D7-9249-235108428A00}.Debug|Any CPU.ActiveCfg = Debug|Any CPU
		{63294503-3042-42D7-9249-235108428A00}.Debug|Any CPU.Build.0 = Debug|Any CPU
		{63294503-3042-42D7-9249-235108428A00}.Release|Any CPU.ActiveCfg = Release|Any CPU
		{63294503-3042-42D7-9249-235108428A00}.Release|Any CPU.Build.0 = Release|Any CPU
		{FB169AD0-7F73-4981-9E75-C9571FEC10EE}.Debug|Any CPU.ActiveCfg = Debug|Any CPU
		{FB169AD0-7F73-4981-9E75-C9571FEC10EE}.Debug|Any CPU.Build.0 = Debug|Any CPU
		{FB169AD0-7F73-4981-9E75-C9571FEC10EE}.Release|Any CPU.ActiveCfg = Release|Any CPU
		{FB169AD0-7F73-4981-9E75-C9571FEC10EE}.Release|Any CPU.Build.0 = Release|Any CPU
		{C959015C-5A43-4577-B75C-C200979E323F}.Debug|Any CPU.ActiveCfg = Debug|Any CPU
		{C959015C-5A43-4577-B75C-C200979E323F}.Debug|Any CPU.Build.0 = Debug|Any CPU
		{C959015C-5A43-4577-B75C-C200979E323F}.Release|Any CPU.ActiveCfg = Release|Any CPU
		{C959015C-5A43-4577-B75C-C200979E323F}.Release|Any CPU.Build.0 = Release|Any CPU
		{07380D17-A5D8-47EE-A146-D59AF7BD4986}.Debug|Any CPU.ActiveCfg = Debug|Any CPU
		{07380D17-A5D8-47EE-A146-D59AF7BD4986}.Debug|Any CPU.Build.0 = Debug|Any CPU
		{07380D17-A5D8-47EE-A146-D59AF7BD4986}.Release|Any CPU.ActiveCfg = Release|Any CPU
		{07380D17-A5D8-47EE-A146-D59AF7BD4986}.Release|Any CPU.Build.0 = Release|Any CPU
		{6EAF5168-002D-485A-9795-66839A5093E0}.Debug|Any CPU.ActiveCfg = Debug|Any CPU
		{6EAF5168-002D-485A-9795-66839A5093E0}.Debug|Any CPU.Build.0 = Debug|Any CPU
		{6EAF5168-002D-485A-9795-66839A5093E0}.Release|Any CPU.ActiveCfg = Release|Any CPU
		{6EAF5168-002D-485A-9795-66839A5093E0}.Release|Any CPU.Build.0 = Release|Any CPU
		{7FA4760D-DB71-4DEF-9819-1C497DA277FF}.Debug|Any CPU.ActiveCfg = Debug|Any CPU
		{7FA4760D-DB71-4DEF-9819-1C497DA277FF}.Debug|Any CPU.Build.0 = Debug|Any CPU
		{7FA4760D-DB71-4DEF-9819-1C497DA277FF}.Release|Any CPU.ActiveCfg = Release|Any CPU
		{7FA4760D-DB71-4DEF-9819-1C497DA277FF}.Release|Any CPU.Build.0 = Release|Any CPU
		{AC417DB1-E769-473A-8F8C-B1FC9083DF2C}.Debug|Any CPU.ActiveCfg = Debug|Any CPU
		{AC417DB1-E769-473A-8F8C-B1FC9083DF2C}.Debug|Any CPU.Build.0 = Debug|Any CPU
		{AC417DB1-E769-473A-8F8C-B1FC9083DF2C}.Release|Any CPU.ActiveCfg = Release|Any CPU
		{AC417DB1-E769-473A-8F8C-B1FC9083DF2C}.Release|Any CPU.Build.0 = Release|Any CPU
		{6ABF412A-16CB-4A5A-9FAB-FE815E1EE5D0}.Debug|Any CPU.ActiveCfg = Debug|Any CPU
		{6ABF412A-16CB-4A5A-9FAB-FE815E1EE5D0}.Debug|Any CPU.Build.0 = Debug|Any CPU
		{6ABF412A-16CB-4A5A-9FAB-FE815E1EE5D0}.Release|Any CPU.ActiveCfg = Release|Any CPU
		{6ABF412A-16CB-4A5A-9FAB-FE815E1EE5D0}.Release|Any CPU.Build.0 = Release|Any CPU
		{2B299E7F-C755-4571-80E5-2F03FFD639CD}.Debug|Any CPU.ActiveCfg = Debug|Any CPU
		{2B299E7F-C755-4571-80E5-2F03FFD639CD}.Debug|Any CPU.Build.0 = Debug|Any CPU
		{2B299E7F-C755-4571-80E5-2F03FFD639CD}.Release|Any CPU.ActiveCfg = Release|Any CPU
		{2B299E7F-C755-4571-80E5-2F03FFD639CD}.Release|Any CPU.Build.0 = Release|Any CPU
		{2810D6EE-F153-44A8-8786-D8D439E4FDAD}.Debug|Any CPU.ActiveCfg = Debug|Any CPU
		{2810D6EE-F153-44A8-8786-D8D439E4FDAD}.Debug|Any CPU.Build.0 = Debug|Any CPU
		{2810D6EE-F153-44A8-8786-D8D439E4FDAD}.Release|Any CPU.ActiveCfg = Release|Any CPU
		{2810D6EE-F153-44A8-8786-D8D439E4FDAD}.Release|Any CPU.Build.0 = Release|Any CPU
		{013C4E9E-2003-4858-BF4D-CADEF475AD25}.Debug|Any CPU.ActiveCfg = Debug|Any CPU
		{013C4E9E-2003-4858-BF4D-CADEF475AD25}.Debug|Any CPU.Build.0 = Debug|Any CPU
		{013C4E9E-2003-4858-BF4D-CADEF475AD25}.Release|Any CPU.ActiveCfg = Release|Any CPU
		{013C4E9E-2003-4858-BF4D-CADEF475AD25}.Release|Any CPU.Build.0 = Release|Any CPU
		{4BD7A1B5-0066-4204-BA54-38CBF2E9D178}.Debug|Any CPU.ActiveCfg = Debug|Any CPU
		{4BD7A1B5-0066-4204-BA54-38CBF2E9D178}.Debug|Any CPU.Build.0 = Debug|Any CPU
		{4BD7A1B5-0066-4204-BA54-38CBF2E9D178}.Release|Any CPU.ActiveCfg = Release|Any CPU
		{4BD7A1B5-0066-4204-BA54-38CBF2E9D178}.Release|Any CPU.Build.0 = Release|Any CPU
		{1B59B707-C43E-4EC1-8063-7753683910E7}.Debug|Any CPU.ActiveCfg = Debug|Any CPU
		{1B59B707-C43E-4EC1-8063-7753683910E7}.Debug|Any CPU.Build.0 = Debug|Any CPU
		{1B59B707-C43E-4EC1-8063-7753683910E7}.Release|Any CPU.ActiveCfg = Release|Any CPU
		{1B59B707-C43E-4EC1-8063-7753683910E7}.Release|Any CPU.Build.0 = Release|Any CPU
		{B83D2C76-C3B3-41D6-9675-22F2DA8C8CF9}.Debug|Any CPU.ActiveCfg = Debug|Any CPU
		{B83D2C76-C3B3-41D6-9675-22F2DA8C8CF9}.Debug|Any CPU.Build.0 = Debug|Any CPU
		{B83D2C76-C3B3-41D6-9675-22F2DA8C8CF9}.Release|Any CPU.ActiveCfg = Release|Any CPU
		{B83D2C76-C3B3-41D6-9675-22F2DA8C8CF9}.Release|Any CPU.Build.0 = Release|Any CPU
		{756B037A-B0B7-4C0D-ADD0-F6FBE66B6AAD}.Debug|Any CPU.ActiveCfg = Debug|Any CPU
		{756B037A-B0B7-4C0D-ADD0-F6FBE66B6AAD}.Debug|Any CPU.Build.0 = Debug|Any CPU
		{756B037A-B0B7-4C0D-ADD0-F6FBE66B6AAD}.Release|Any CPU.ActiveCfg = Release|Any CPU
		{756B037A-B0B7-4C0D-ADD0-F6FBE66B6AAD}.Release|Any CPU.Build.0 = Release|Any CPU
		{9509D007-6403-4676-AA45-359AF1E7E954}.Debug|Any CPU.ActiveCfg = Debug|Any CPU
		{9509D007-6403-4676-AA45-359AF1E7E954}.Debug|Any CPU.Build.0 = Debug|Any CPU
		{9509D007-6403-4676-AA45-359AF1E7E954}.Release|Any CPU.ActiveCfg = Release|Any CPU
		{9509D007-6403-4676-AA45-359AF1E7E954}.Release|Any CPU.Build.0 = Release|Any CPU
		{44F8DD69-D986-4637-B071-A4911BACBC08}.Debug|Any CPU.ActiveCfg = Debug|Any CPU
		{44F8DD69-D986-4637-B071-A4911BACBC08}.Debug|Any CPU.Build.0 = Debug|Any CPU
		{44F8DD69-D986-4637-B071-A4911BACBC08}.Release|Any CPU.ActiveCfg = Release|Any CPU
		{44F8DD69-D986-4637-B071-A4911BACBC08}.Release|Any CPU.Build.0 = Release|Any CPU
		{EC3070A2-9087-4852-AA2B-4E3A718BA878}.Debug|Any CPU.ActiveCfg = Debug|Any CPU
		{EC3070A2-9087-4852-AA2B-4E3A718BA878}.Debug|Any CPU.Build.0 = Debug|Any CPU
		{EC3070A2-9087-4852-AA2B-4E3A718BA878}.Release|Any CPU.ActiveCfg = Release|Any CPU
		{EC3070A2-9087-4852-AA2B-4E3A718BA878}.Release|Any CPU.Build.0 = Release|Any CPU
		{20B20C02-EA92-47C1-B890-D28C15B04766}.Debug|Any CPU.ActiveCfg = Debug|Any CPU
		{20B20C02-EA92-47C1-B890-D28C15B04766}.Debug|Any CPU.Build.0 = Debug|Any CPU
		{20B20C02-EA92-47C1-B890-D28C15B04766}.Release|Any CPU.ActiveCfg = Release|Any CPU
		{20B20C02-EA92-47C1-B890-D28C15B04766}.Release|Any CPU.Build.0 = Release|Any CPU
		{BEA91EB6-6AA2-4C05-A22D-B2EB1CA7AE89}.Debug|Any CPU.ActiveCfg = Debug|Any CPU
		{BEA91EB6-6AA2-4C05-A22D-B2EB1CA7AE89}.Debug|Any CPU.Build.0 = Debug|Any CPU
		{BEA91EB6-6AA2-4C05-A22D-B2EB1CA7AE89}.Release|Any CPU.ActiveCfg = Release|Any CPU
		{BEA91EB6-6AA2-4C05-A22D-B2EB1CA7AE89}.Release|Any CPU.Build.0 = Release|Any CPU
	EndGlobalSection
	GlobalSection(SolutionProperties) = preSolution
		HideSolutionNode = FALSE
	EndGlobalSection
	GlobalSection(NestedProjects) = preSolution
		{6D3D8538-29C0-4BA5-ADB8-8E51B0870BCE} = {0C38C0B0-86FD-44F4-8D11-BD70FAE9E269}
		{65D3F9E5-969F-4095-9D8B-E4E612E9F04B} = {765BDE8A-EBB3-4D2A-A719-C6D88893B51F}
		{940CE674-8E75-40AE-963A-E62ABA1A45FB} = {D8CDF03B-884D-4C7D-9852-DAA94A15599A}
		{D830BE01-9909-4981-997E-674158CDE312} = {4682DCD0-F8A8-4F81-A70A-D30F8EC366C0}
		{15CC567D-F0AF-4335-B09D-82E0F69DE43E} = {B1A9BB8D-5ABA-42C0-9E75-F29BC1E380A8}
		{C9878640-F0C1-466D-A3E6-90FD27EAE9EA} = {B1A9BB8D-5ABA-42C0-9E75-F29BC1E380A8}
		{28A29818-4C43-4B50-A0F4-68EA6516E042} = {0C38C0B0-86FD-44F4-8D11-BD70FAE9E269}
		{3C3446EB-9D31-40FA-BA36-44A9B9023952} = {B1A9BB8D-5ABA-42C0-9E75-F29BC1E380A8}
		{47B6F4F5-6447-44D5-A17F-BC67B75CA2B2} = {B1A9BB8D-5ABA-42C0-9E75-F29BC1E380A8}
		{9DDF8C14-007A-4957-BE33-9705D106B4FD} = {B1A9BB8D-5ABA-42C0-9E75-F29BC1E380A8}
		{E59DB442-8F99-4420-8740-DFAF4993F0D0} = {B1A9BB8D-5ABA-42C0-9E75-F29BC1E380A8}
		{42031F28-FDF2-4249-81B2-C680A0026B51} = {B1A9BB8D-5ABA-42C0-9E75-F29BC1E380A8}
		{5062D7E5-EAFA-4E11-9CD5-0E8163F006BD} = {B1A9BB8D-5ABA-42C0-9E75-F29BC1E380A8}
		{68B3D5EB-2378-46CC-937B-2D292D165FD3} = {B1A9BB8D-5ABA-42C0-9E75-F29BC1E380A8}
		{A53949DD-F1E8-4A0A-A177-D5F5A7442C4A} = {B1A9BB8D-5ABA-42C0-9E75-F29BC1E380A8}
		{0F408CD3-7BE9-42E1-86D3-1BA35CEDDCD2} = {B1A9BB8D-5ABA-42C0-9E75-F29BC1E380A8}
		{290721C8-8027-4017-A394-09B1B11313DA} = {B1A9BB8D-5ABA-42C0-9E75-F29BC1E380A8}
		{995A79B4-04E0-469E-837E-6CDB93DB6917} = {B1A9BB8D-5ABA-42C0-9E75-F29BC1E380A8}
		{595B6B5D-2350-4B8C-A1E4-ADC32CE9CD01} = {0C38C0B0-86FD-44F4-8D11-BD70FAE9E269}
		{DC2DDFAA-BC7A-446D-9BA8-C33EFDF7D805} = {0C38C0B0-86FD-44F4-8D11-BD70FAE9E269}
		{0E8C12B2-6898-4D9B-BFB0-1D01307B2C74} = {0C38C0B0-86FD-44F4-8D11-BD70FAE9E269}
		{08156D84-F9EC-457C-BC55-427FE4C27961} = {0C38C0B0-86FD-44F4-8D11-BD70FAE9E269}
		{383F4F1A-1012-467A-826E-C295FB9B3E07} = {0C38C0B0-86FD-44F4-8D11-BD70FAE9E269}
		{5DBA282F-29AB-405A-B06F-771CDBABDEC8} = {0C38C0B0-86FD-44F4-8D11-BD70FAE9E269}
		{A41F8EF7-74F3-4815-8C00-4C5779E96D6F} = {0C38C0B0-86FD-44F4-8D11-BD70FAE9E269}
		{FDEFCA71-04CA-489C-B193-7D5E0C2A1335} = {0C38C0B0-86FD-44F4-8D11-BD70FAE9E269}
		{9516AE54-AD99-4E41-81F4-A53EDD233AEA} = {765BDE8A-EBB3-4D2A-A719-C6D88893B51F}
		{E1E585C9-C0CA-42D5-8279-23C0B2E107F9} = {765BDE8A-EBB3-4D2A-A719-C6D88893B51F}
		{41EFE6F6-E6C8-407E-B65C-1F090C714430} = {765BDE8A-EBB3-4D2A-A719-C6D88893B51F}
		{63294503-3042-42D7-9249-235108428A00} = {765BDE8A-EBB3-4D2A-A719-C6D88893B51F}
		{FB169AD0-7F73-4981-9E75-C9571FEC10EE} = {765BDE8A-EBB3-4D2A-A719-C6D88893B51F}
		{C959015C-5A43-4577-B75C-C200979E323F} = {765BDE8A-EBB3-4D2A-A719-C6D88893B51F}
		{07380D17-A5D8-47EE-A146-D59AF7BD4986} = {765BDE8A-EBB3-4D2A-A719-C6D88893B51F}
		{6EAF5168-002D-485A-9795-66839A5093E0} = {765BDE8A-EBB3-4D2A-A719-C6D88893B51F}
		{7FA4760D-DB71-4DEF-9819-1C497DA277FF} = {765BDE8A-EBB3-4D2A-A719-C6D88893B51F}
		{AC417DB1-E769-473A-8F8C-B1FC9083DF2C} = {D8CDF03B-884D-4C7D-9852-DAA94A15599A}
		{6ABF412A-16CB-4A5A-9FAB-FE815E1EE5D0} = {D8CDF03B-884D-4C7D-9852-DAA94A15599A}
		{2B299E7F-C755-4571-80E5-2F03FFD639CD} = {D8CDF03B-884D-4C7D-9852-DAA94A15599A}
		{2810D6EE-F153-44A8-8786-D8D439E4FDAD} = {D8CDF03B-884D-4C7D-9852-DAA94A15599A}
		{013C4E9E-2003-4858-BF4D-CADEF475AD25} = {B1A9BB8D-5ABA-42C0-9E75-F29BC1E380A8}
		{4BD7A1B5-0066-4204-BA54-38CBF2E9D178} = {4682DCD0-F8A8-4F81-A70A-D30F8EC366C0}
		{1B59B707-C43E-4EC1-8063-7753683910E7} = {B1A9BB8D-5ABA-42C0-9E75-F29BC1E380A8}
		{B83D2C76-C3B3-41D6-9675-22F2DA8C8CF9} = {B1A9BB8D-5ABA-42C0-9E75-F29BC1E380A8}
		{756B037A-B0B7-4C0D-ADD0-F6FBE66B6AAD} = {B1A9BB8D-5ABA-42C0-9E75-F29BC1E380A8}
		{9509D007-6403-4676-AA45-359AF1E7E954} = {5B51AB2B-5EF6-497F-B1DB-9FC7ED95CE49}
		{44F8DD69-D986-4637-B071-A4911BACBC08} = {5B51AB2B-5EF6-497F-B1DB-9FC7ED95CE49}
		{EC3070A2-9087-4852-AA2B-4E3A718BA878} = {5B51AB2B-5EF6-497F-B1DB-9FC7ED95CE49}
		{20B20C02-EA92-47C1-B890-D28C15B04766} = {5B51AB2B-5EF6-497F-B1DB-9FC7ED95CE49}
		{BEA91EB6-6AA2-4C05-A22D-B2EB1CA7AE89} = {5B51AB2B-5EF6-497F-B1DB-9FC7ED95CE49}
	EndGlobalSection
EndGlobal
